Microsoft Visual Studio Solution File, Format Version 11.00
# Visual Studio 2008

Project("{529AB9B6-3EE5-A372-145F-878078CDDFEE}") = "Deer", "Assembly-CSharp.csproj", "{FCD6BF32-FE5C-3224-5CEE-DDF41D4BBC67}"
EndProject
Global
	GlobalSection(SolutionConfigurationPlatforms) = preSolution
		Debug|Any CPU = Debug|Any CPU
		Release|Any CPU = Release|Any CPU
	EndGlobalSection
	GlobalSection(ProjectConfigurationPlatforms) = postSolution
		{FCD6BF32-FE5C-3224-5CEE-DDF41D4BBC67}.Debug|Any CPU.ActiveCfg = Debug|Any CPU
		{FCD6BF32-FE5C-3224-5CEE-DDF41D4BBC67}.Debug|Any CPU.Build.0 = Debug|Any CPU
		{FCD6BF32-FE5C-3224-5CEE-DDF41D4BBC67}.Release|Any CPU.ActiveCfg = Release|Any CPU
		{FCD6BF32-FE5C-3224-5CEE-DDF41D4BBC67}.Release|Any CPU.Build.0 = Release|Any CPU
	EndGlobalSection
	GlobalSection(SolutionProperties) = preSolution
		HideSolutionNode = FALSE
	EndGlobalSection
	GlobalSection(MonoDevelopProperties) = preSolution
		StartupItem = Assembly-CSharp.csproj
	EndGlobalSection
EndGlobal
